
Microsoft Visual Studio Solution File, Format Version 12.00
# Visual Studio Version 16
VisualStudioVersion = 16.0.31321.278
MinimumVisualStudioVersion = 10.0.40219.1
Project("{FAE04EC0-301F-11D3-BF4B-00C04F79EFBC}") = "Buoi2_C", "Buoi2_C\Buoi2_C.csproj", "{292007B6-9347-49CA-B9F6-144CAA325F33}"
EndProject
Project("{FAE04EC0-301F-11D3-BF4B-00C04F79EFBC}") = "Buoi3_C", "Buoi3_C\Buoi3_C.csproj", "{6FC00E54-462B-4475-8C67-41324095D1FD}"
EndProject
Global
	GlobalSection(SolutionConfigurationPlatforms) = preSolution
		Debug|Any CPU = Debug|Any CPU
		Release|Any CPU = Release|Any CPU
	EndGlobalSection
	GlobalSection(ProjectConfigurationPlatforms) = postSolution
		{292007B6-9347-49CA-B9F6-144CAA325F33}.Debug|Any CPU.ActiveCfg = Debug|Any CPU
		{292007B6-9347-49CA-B9F6-144CAA325F33}.Debug|Any CPU.Build.0 = Debug|Any CPU
		{292007B6-9347-49CA-B9F6-144CAA325F33}.Release|Any CPU.ActiveCfg = Release|Any CPU
		{292007B6-9347-49CA-B9F6-144CAA325F33}.Release|Any CPU.Build.0 = Release|Any CPU
		{6FC00E54-462B-4475-8C67-41324095D1FD}.Debug|Any CPU.ActiveCfg = Debug|Any CPU
		{6FC00E54-462B-4475-8C67-41324095D1FD}.Debug|Any CPU.Build.0 = Debug|Any CPU
		{6FC00E54-462B-4475-8C67-41324095D1FD}.Release|Any CPU.ActiveCfg = Release|Any CPU
		{6FC00E54-462B-4475-8C67-41324095D1FD}.Release|Any CPU.Build.0 = Release|Any CPU
	EndGlobalSection
	GlobalSection(SolutionProperties) = preSolution
		HideSolutionNode = FALSE
	EndGlobalSection
	GlobalSection(ExtensibilityGlobals) = postSolution
		SolutionGuid = {6233B6F7-7AE6-4AE7-A77D-3127092B9DF5}
	EndGlobalSection
EndGlobal
